
Microsoft Visual Studio Solution File, Format Version 12.00
# Visual Studio 14
VisualStudioVersion = 14.0.24720.0
MinimumVisualStudioVersion = 10.0.40219.1
Project("{FAE04EC0-301F-11D3-BF4B-00C04F79EFBC}") = "MyLibrary4Web", "MyLibrary4Web\MyLibrary4Web.csproj", "{B01C986D-3DC3-4AC2-9B71-C12C0852039A}"
EndProject
Project("{FAE04EC0-301F-11D3-BF4B-00C04F79EFBC}") = "MyLibrary4WebExtra", "MyLibrary4Web.Extra\MyLibrary4WebExtra.csproj", "{19D826D6-425B-4ED1-BAFC-622AB2E65FD9}"
EndProject
Global
	GlobalSection(SolutionConfigurationPlatforms) = preSolution
		Debug|Any CPU = Debug|Any CPU
		Release|Any CPU = Release|Any CPU
	EndGlobalSection
	GlobalSection(ProjectConfigurationPlatforms) = postSolution
		{B01C986D-3DC3-4AC2-9B71-C12C0852039A}.Debug|Any CPU.ActiveCfg = Debug|Any CPU
		{B01C986D-3DC3-4AC2-9B71-C12C0852039A}.Debug|Any CPU.Build.0 = Debug|Any CPU
		{B01C986D-3DC3-4AC2-9B71-C12C0852039A}.Release|Any CPU.ActiveCfg = Release|Any CPU
		{B01C986D-3DC3-4AC2-9B71-C12C0852039A}.Release|Any CPU.Build.0 = Release|Any CPU
		{19D826D6-425B-4ED1-BAFC-622AB2E65FD9}.Debug|Any CPU.ActiveCfg = Debug|Any CPU
		{19D826D6-425B-4ED1-BAFC-622AB2E65FD9}.Debug|Any CPU.Build.0 = Debug|Any CPU
		{19D826D6-425B-4ED1-BAFC-622AB2E65FD9}.Release|Any CPU.ActiveCfg = Release|Any CPU
		{19D826D6-425B-4ED1-BAFC-622AB2E65FD9}.Release|Any CPU.Build.0 = Release|Any CPU
	EndGlobalSection
	GlobalSection(SolutionProperties) = preSolution
		HideSolutionNode = FALSE
	EndGlobalSection
EndGlobal
